
Microsoft Visual Studio Solution File, Format Version 12.00
# Visual Studio 15
VisualStudioVersion = 15.0.28010.2046
MinimumVisualStudioVersion = 10.0.40219.1
Project("{2150E333-8FDC-42A3-9474-1A3956D46DE8}") = "src", "src", "{57EA9C9D-7A5F-4CFC-B389-51F8B4EB5DB8}"
EndProject
Project("{9A19103F-16F7-4668-BE54-9A1E7A4F7556}") = "Dotz.Fidelity.Application.Command", "src\Dotz.Fidelity.Application.Command\Dotz.Fidelity.Application.Command.csproj", "{F3EC19AF-D32C-4122-B041-3F41C8A0CA11}"
EndProject
Project("{9A19103F-16F7-4668-BE54-9A1E7A4F7556}") = "Dotz.Fidelity.CrossCutting", "src\Dotz.Fidelity.CrossCutting\Dotz.Fidelity.CrossCutting.csproj", "{73E09A24-B7FB-4023-90E5-D32AE64CC4D7}"
EndProject
Project("{9A19103F-16F7-4668-BE54-9A1E7A4F7556}") = "Dotz.Fidelity.Domain", "src\Dotz.Fidelity.Domain\Dotz.Fidelity.Domain.csproj", "{35C1C3B8-B6E4-4C1F-9082-E02550DAAABE}"
EndProject
Project("{9A19103F-16F7-4668-BE54-9A1E7A4F7556}") = "Dotz.Fidelity.Infra.Data", "src\Dotz.Fidelity.Infra.Data\Dotz.Fidelity.Infra.Data.csproj", "{E71A53B5-5612-44EF-A5A8-61ADA3D84C0D}"
EndProject
Project("{9A19103F-16F7-4668-BE54-9A1E7A4F7556}") = "Dotz.Fidelity.IoC", "src\Dotz.Fidelity.IoC\Dotz.Fidelity.IoC.csproj", "{302CC843-2D40-4545-81F3-5EAB3DF37F1D}"
EndProject
Project("{2150E333-8FDC-42A3-9474-1A3956D46DE8}") = "Tests", "Tests", "{754D2B5D-EE9D-4A38-B58C-12FB05532F4C}"
EndProject
Project("{9A19103F-16F7-4668-BE54-9A1E7A4F7556}") = "Dotz.Fidelity.Tests", "src\Tests\Dotz.Fidelity.Tests\Dotz.Fidelity.Tests.csproj", "{6581BF10-8D01-45B1-B196-A036B478A875}"
EndProject
Project("{9A19103F-16F7-4668-BE54-9A1E7A4F7556}") = "Dotz.Fidelity.API", "src\Dotz.Fidelity.API\Dotz.Fidelity.API.csproj", "{9C80BE58-CBE9-4CBE-9CE5-E8E3BDC3EA77}"
EndProject
Project("{FAE04EC0-301F-11D3-BF4B-00C04F79EFBC}") = "Dotz.Fidelity.Application.Query", "src\Dotz.Fidelity.Application.Query\Dotz.Fidelity.Application.Query.csproj", "{6DB6E56D-CAA0-445B-AA57-21A5C74AD81E}"
EndProject
Global
	GlobalSection(SolutionConfigurationPlatforms) = preSolution
		Debug|Any CPU = Debug|Any CPU
		Release|Any CPU = Release|Any CPU
	EndGlobalSection
	GlobalSection(ProjectConfigurationPlatforms) = postSolution
		{F3EC19AF-D32C-4122-B041-3F41C8A0CA11}.Debug|Any CPU.ActiveCfg = Debug|Any CPU
		{F3EC19AF-D32C-4122-B041-3F41C8A0CA11}.Debug|Any CPU.Build.0 = Debug|Any CPU
		{F3EC19AF-D32C-4122-B041-3F41C8A0CA11}.Release|Any CPU.ActiveCfg = Release|Any CPU
		{F3EC19AF-D32C-4122-B041-3F41C8A0CA11}.Release|Any CPU.Build.0 = Release|Any CPU
		{73E09A24-B7FB-4023-90E5-D32AE64CC4D7}.Debug|Any CPU.ActiveCfg = Debug|Any CPU
		{73E09A24-B7FB-4023-90E5-D32AE64CC4D7}.Debug|Any CPU.Build.0 = Debug|Any CPU
		{73E09A24-B7FB-4023-90E5-D32AE64CC4D7}.Release|Any CPU.ActiveCfg = Release|Any CPU
		{73E09A24-B7FB-4023-90E5-D32AE64CC4D7}.Release|Any CPU.Build.0 = Release|Any CPU
		{35C1C3B8-B6E4-4C1F-9082-E02550DAAABE}.Debug|Any CPU.ActiveCfg = Debug|Any CPU
		{35C1C3B8-B6E4-4C1F-9082-E02550DAAABE}.Debug|Any CPU.Build.0 = Debug|Any CPU
		{35C1C3B8-B6E4-4C1F-9082-E02550DAAABE}.Release|Any CPU.ActiveCfg = Release|Any CPU
		{35C1C3B8-B6E4-4C1F-9082-E02550DAAABE}.Release|Any CPU.Build.0 = Release|Any CPU
		{E71A53B5-5612-44EF-A5A8-61ADA3D84C0D}.Debug|Any CPU.ActiveCfg = Debug|Any CPU
		{E71A53B5-5612-44EF-A5A8-61ADA3D84C0D}.Debug|Any CPU.Build.0 = Debug|Any CPU
		{E71A53B5-5612-44EF-A5A8-61ADA3D84C0D}.Release|Any CPU.ActiveCfg = Release|Any CPU
		{E71A53B5-5612-44EF-A5A8-61ADA3D84C0D}.Release|Any CPU.Build.0 = Release|Any CPU
		{302CC843-2D40-4545-81F3-5EAB3DF37F1D}.Debug|Any CPU.ActiveCfg = Debug|Any CPU
		{302CC843-2D40-4545-81F3-5EAB3DF37F1D}.Debug|Any CPU.Build.0 = Debug|Any CPU
		{302CC843-2D40-4545-81F3-5EAB3DF37F1D}.Release|Any CPU.ActiveCfg = Release|Any CPU
		{302CC843-2D40-4545-81F3-5EAB3DF37F1D}.Release|Any CPU.Build.0 = Release|Any CPU
		{6581BF10-8D01-45B1-B196-A036B478A875}.Debug|Any CPU.ActiveCfg = Debug|Any CPU
		{6581BF10-8D01-45B1-B196-A036B478A875}.Debug|Any CPU.Build.0 = Debug|Any CPU
		{6581BF10-8D01-45B1-B196-A036B478A875}.Release|Any CPU.ActiveCfg = Release|Any CPU
		{6581BF10-8D01-45B1-B196-A036B478A875}.Release|Any CPU.Build.0 = Release|Any CPU
		{9C80BE58-CBE9-4CBE-9CE5-E8E3BDC3EA77}.Debug|Any CPU.ActiveCfg = Debug|Any CPU
		{9C80BE58-CBE9-4CBE-9CE5-E8E3BDC3EA77}.Debug|Any CPU.Build.0 = Debug|Any CPU
		{9C80BE58-CBE9-4CBE-9CE5-E8E3BDC3EA77}.Release|Any CPU.ActiveCfg = Release|Any CPU
		{9C80BE58-CBE9-4CBE-9CE5-E8E3BDC3EA77}.Release|Any CPU.Build.0 = Release|Any CPU
		{6DB6E56D-CAA0-445B-AA57-21A5C74AD81E}.Debug|Any CPU.ActiveCfg = Debug|Any CPU
		{6DB6E56D-CAA0-445B-AA57-21A5C74AD81E}.Debug|Any CPU.Build.0 = Debug|Any CPU
		{6DB6E56D-CAA0-445B-AA57-21A5C74AD81E}.Release|Any CPU.ActiveCfg = Release|Any CPU
		{6DB6E56D-CAA0-445B-AA57-21A5C74AD81E}.Release|Any CPU.Build.0 = Release|Any CPU
	EndGlobalSection
	GlobalSection(SolutionProperties) = preSolution
		HideSolutionNode = FALSE
	EndGlobalSection
	GlobalSection(NestedProjects) = preSolution
		{F3EC19AF-D32C-4122-B041-3F41C8A0CA11} = {57EA9C9D-7A5F-4CFC-B389-51F8B4EB5DB8}
		{73E09A24-B7FB-4023-90E5-D32AE64CC4D7} = {57EA9C9D-7A5F-4CFC-B389-51F8B4EB5DB8}
		{35C1C3B8-B6E4-4C1F-9082-E02550DAAABE} = {57EA9C9D-7A5F-4CFC-B389-51F8B4EB5DB8}
		{E71A53B5-5612-44EF-A5A8-61ADA3D84C0D} = {57EA9C9D-7A5F-4CFC-B389-51F8B4EB5DB8}
		{302CC843-2D40-4545-81F3-5EAB3DF37F1D} = {57EA9C9D-7A5F-4CFC-B389-51F8B4EB5DB8}
		{754D2B5D-EE9D-4A38-B58C-12FB05532F4C} = {57EA9C9D-7A5F-4CFC-B389-51F8B4EB5DB8}
		{6581BF10-8D01-45B1-B196-A036B478A875} = {754D2B5D-EE9D-4A38-B58C-12FB05532F4C}
		{9C80BE58-CBE9-4CBE-9CE5-E8E3BDC3EA77} = {57EA9C9D-7A5F-4CFC-B389-51F8B4EB5DB8}
		{6DB6E56D-CAA0-445B-AA57-21A5C74AD81E} = {57EA9C9D-7A5F-4CFC-B389-51F8B4EB5DB8}
	EndGlobalSection
	GlobalSection(ExtensibilityGlobals) = postSolution
		SolutionGuid = {8C8F105C-7EA7-4893-A2DC-5BC40E17D605}
	EndGlobalSection
EndGlobal
